
Microsoft Visual Studio Solution File, Format Version 12.00
# Visual Studio 15
VisualStudioVersion = 15.0.27703.2042
MinimumVisualStudioVersion = 10.0.40219.1
Project("{FAE04EC0-301F-11D3-BF4B-00C04F79EFBC}") = "Assignment1", "Assignment1\Assignment1.csproj", "{FCC14BDF-FC8A-4BDC-B01C-7F9D8DA86D28}"
EndProject
Global
	GlobalSection(SolutionConfigurationPlatforms) = preSolution
		Debug|Any CPU = Debug|Any CPU
		Release|Any CPU = Release|Any CPU
	EndGlobalSection
	GlobalSection(ProjectConfigurationPlatforms) = postSolution
		{FCC14BDF-FC8A-4BDC-B01C-7F9D8DA86D28}.Debug|Any CPU.ActiveCfg = Debug|Any CPU
		{FCC14BDF-FC8A-4BDC-B01C-7F9D8DA86D28}.Debug|Any CPU.Build.0 = Debug|Any CPU
		{FCC14BDF-FC8A-4BDC-B01C-7F9D8DA86D28}.Release|Any CPU.ActiveCfg = Release|Any CPU
		{FCC14BDF-FC8A-4BDC-B01C-7F9D8DA86D28}.Release|Any CPU.Build.0 = Release|Any CPU
	EndGlobalSection
	GlobalSection(SolutionProperties) = preSolution
		HideSolutionNode = FALSE
	EndGlobalSection
	GlobalSection(ExtensibilityGlobals) = postSolution
		SolutionGuid = {9FE194F8-AB2F-4FE9-8EB5-19AED6C22AC3}
	EndGlobalSection
EndGlobal
